
Microsoft Visual Studio Solution File, Format Version 12.00
# Visual Studio Version 17
VisualStudioVersion = 17.0.31815.197
MinimumVisualStudioVersion = 10.0.40219.1
Project("{9A19103F-16F7-4668-BE54-9A1E7A4F7556}") = "Example", "Example\Example.csproj", "{3BA86E41-1FC3-4FDB-8BC2-07BAE77EDA24}"
EndProject
Project("{9A19103F-16F7-4668-BE54-9A1E7A4F7556}") = "Entity", "Entity\Entity.csproj", "{D8AD136B-6A05-4A8C-8ACA-D6FC0A03B561}"
EndProject
Project("{9A19103F-16F7-4668-BE54-9A1E7A4F7556}") = "GraphQL.DotNet", "GraphQL.DotNet\GraphQL.DotNet.csproj", "{CE3CFF1F-2966-45A6-9400-DC5FB080E8B4}"
EndProject
Project("{9A19103F-16F7-4668-BE54-9A1E7A4F7556}") = "GraphQl.EfCore.Translate", "GraphQl.EfCore.Translate\GraphQl.EfCore.Translate.csproj", "{D55B3AD8-41C6-41BF-8861-371553663EC0}"
EndProject
Project("{9A19103F-16F7-4668-BE54-9A1E7A4F7556}") = "GraphQL.HotChocolate", "GraphQL.HotChocolate\GraphQL.HotChocolate.csproj", "{93448121-8FB9-4F84-A462-CDE8B2579B9A}"
EndProject
Project("{9A19103F-16F7-4668-BE54-9A1E7A4F7556}") = "GraphQl.EfCore.Translate.HotChocolate", "GraphQl.EfCore.Translate.HotChocolate\GraphQl.EfCore.Translate.HotChocolate.csproj", "{5D138060-181D-4849-90B5-3544206A1CC7}"
EndProject
Project("{9A19103F-16F7-4668-BE54-9A1E7A4F7556}") = "GraphQl.EfCore.Translate.DotNet", "GraphQl.EfCore.Translate.DotNet\GraphQl.EfCore.Translate.DotNet.csproj", "{83FF120B-A804-49EE-B73B-7D8B0AC93B79}"
EndProject
Project("{FAE04EC0-301F-11D3-BF4B-00C04F79EFBC}") = "Tests.Translate", "Tests.Translate\Tests.Translate.csproj", "{6B41CCA6-58AA-49C6-B76B-75DE940F9036}"
EndProject
Global
	GlobalSection(SolutionConfigurationPlatforms) = preSolution
		Debug|Any CPU = Debug|Any CPU
		Release|Any CPU = Release|Any CPU
	EndGlobalSection
	GlobalSection(ProjectConfigurationPlatforms) = postSolution
		{3BA86E41-1FC3-4FDB-8BC2-07BAE77EDA24}.Debug|Any CPU.ActiveCfg = Debug|Any CPU
		{3BA86E41-1FC3-4FDB-8BC2-07BAE77EDA24}.Debug|Any CPU.Build.0 = Debug|Any CPU
		{3BA86E41-1FC3-4FDB-8BC2-07BAE77EDA24}.Release|Any CPU.ActiveCfg = Release|Any CPU
		{3BA86E41-1FC3-4FDB-8BC2-07BAE77EDA24}.Release|Any CPU.Build.0 = Release|Any CPU
		{D8AD136B-6A05-4A8C-8ACA-D6FC0A03B561}.Debug|Any CPU.ActiveCfg = Debug|Any CPU
		{D8AD136B-6A05-4A8C-8ACA-D6FC0A03B561}.Debug|Any CPU.Build.0 = Debug|Any CPU
		{D8AD136B-6A05-4A8C-8ACA-D6FC0A03B561}.Release|Any CPU.ActiveCfg = Release|Any CPU
		{D8AD136B-6A05-4A8C-8ACA-D6FC0A03B561}.Release|Any CPU.Build.0 = Release|Any CPU
		{CE3CFF1F-2966-45A6-9400-DC5FB080E8B4}.Debug|Any CPU.ActiveCfg = Debug|Any CPU
		{CE3CFF1F-2966-45A6-9400-DC5FB080E8B4}.Debug|Any CPU.Build.0 = Debug|Any CPU
		{CE3CFF1F-2966-45A6-9400-DC5FB080E8B4}.Release|Any CPU.ActiveCfg = Release|Any CPU
		{CE3CFF1F-2966-45A6-9400-DC5FB080E8B4}.Release|Any CPU.Build.0 = Release|Any CPU
		{D55B3AD8-41C6-41BF-8861-371553663EC0}.Debug|Any CPU.ActiveCfg = Debug|Any CPU
		{D55B3AD8-41C6-41BF-8861-371553663EC0}.Debug|Any CPU.Build.0 = Debug|Any CPU
		{D55B3AD8-41C6-41BF-8861-371553663EC0}.Release|Any CPU.ActiveCfg = Release|Any CPU
		{D55B3AD8-41C6-41BF-8861-371553663EC0}.Release|Any CPU.Build.0 = Release|Any CPU
		{93448121-8FB9-4F84-A462-CDE8B2579B9A}.Debug|Any CPU.ActiveCfg = Debug|Any CPU
		{93448121-8FB9-4F84-A462-CDE8B2579B9A}.Debug|Any CPU.Build.0 = Debug|Any CPU
		{93448121-8FB9-4F84-A462-CDE8B2579B9A}.Release|Any CPU.ActiveCfg = Release|Any CPU
		{93448121-8FB9-4F84-A462-CDE8B2579B9A}.Release|Any CPU.Build.0 = Release|Any CPU
		{5D138060-181D-4849-90B5-3544206A1CC7}.Debug|Any CPU.ActiveCfg = Debug|Any CPU
		{5D138060-181D-4849-90B5-3544206A1CC7}.Debug|Any CPU.Build.0 = Debug|Any CPU
		{5D138060-181D-4849-90B5-3544206A1CC7}.Release|Any CPU.ActiveCfg = Release|Any CPU
		{5D138060-181D-4849-90B5-3544206A1CC7}.Release|Any CPU.Build.0 = Release|Any CPU
		{83FF120B-A804-49EE-B73B-7D8B0AC93B79}.Debug|Any CPU.ActiveCfg = Debug|Any CPU
		{83FF120B-A804-49EE-B73B-7D8B0AC93B79}.Debug|Any CPU.Build.0 = Debug|Any CPU
		{83FF120B-A804-49EE-B73B-7D8B0AC93B79}.Release|Any CPU.ActiveCfg = Release|Any CPU
		{83FF120B-A804-49EE-B73B-7D8B0AC93B79}.Release|Any CPU.Build.0 = Release|Any CPU
		{6B41CCA6-58AA-49C6-B76B-75DE940F9036}.Debug|Any CPU.ActiveCfg = Debug|Any CPU
		{6B41CCA6-58AA-49C6-B76B-75DE940F9036}.Debug|Any CPU.Build.0 = Debug|Any CPU
		{6B41CCA6-58AA-49C6-B76B-75DE940F9036}.Release|Any CPU.ActiveCfg = Release|Any CPU
		{6B41CCA6-58AA-49C6-B76B-75DE940F9036}.Release|Any CPU.Build.0 = Release|Any CPU
	EndGlobalSection
	GlobalSection(SolutionProperties) = preSolution
		HideSolutionNode = FALSE
	EndGlobalSection
	GlobalSection(ExtensibilityGlobals) = postSolution
		SolutionGuid = {DA71BDA3-09F7-4E86-90A1-84B38DBFD2F9}
	EndGlobalSection
EndGlobal
